// !$*UTF8*$!
{
	archiveVersion = 1;
	classes = {
	};
	objectVersion = 55;
	objects = {

/* Begin PBXBuildFile section */
		478D137426CE000A00D68F32 /* UI_288App.swift in Sources */ = {isa = PBXBuildFile; fileRef = 478D137326CE000A00D68F32 /* UI_288App.swift */; };
		478D137626CE000A00D68F32 /* ContentView.swift in Sources */ = {isa = PBXBuildFile; fileRef = 478D137526CE000A00D68F32 /* ContentView.swift */; };
		478D137826CE000B00D68F32 /* Assets.xcassets in Resources */ = {isa = PBXBuildFile; fileRef = 478D137726CE000B00D68F32 /* Assets.xcassets */; };
		478D137B26CE000B00D68F32 /* Preview Assets.xcassets in Resources */ = {isa = PBXBuildFile; fileRef = 478D137A26CE000B00D68F32 /* Preview Assets.xcassets */; };
		478D138526CE000B00D68F32 /* UI_288Tests.swift in Sources */ = {isa = PBXBuildFile; fileRef = 478D138426CE000B00D68F32 /* UI_288Tests.swift */; };
		478D138F26CE000B00D68F32 /* UI_288UITests.swift in Sources */ = {isa = PBXBuildFile; fileRef = 478D138E26CE000B00D68F32 /* UI_288UITests.swift */; };
		478D139126CE000B00D68F32 /* UI_288UITestsLaunchTests.swift in Sources */ = {isa = PBXBuildFile; fileRef = 478D139026CE000B00D68F32 /* UI_288UITestsLaunchTests.swift */; };
		478D139F26CE001F00D68F32 /* Home.swift in Sources */ = {isa = PBXBuildFile; fileRef = 478D139E26CE001F00D68F32 /* Home.swift */; };
		478D13A226CE004600D68F32 /* TextAnimation.swift in Sources */ = {isa = PBXBuildFile; fileRef = 478D13A126CE004600D68F32 /* TextAnimation.swift */; };
/* End PBXBuildFile section */

/* Begin PBXContainerItemProxy section */
		478D138126CE000B00D68F32 /* PBXContainerItemProxy */ = {
			isa = PBXContainerItemProxy;
			containerPortal = 478D136826CE000A00D68F32 /* Project object */;
			proxyType = 1;
			remoteGlobalIDString = 478D136F26CE000A00D68F32;
			remoteInfo = "UI-288";
		};
		478D138B26CE000B00D68F32 /* PBXContainerItemProxy */ = {
			isa = PBXContainerItemProxy;
			containerPortal = 478D136826CE000A00D68F32 /* Project object */;
			proxyType = 1;
			remoteGlobalIDString = 478D136F26CE000A00D68F32;
			remoteInfo = "UI-288";
		};
/* End PBXContainerItemProxy section */

/* Begin PBXFileReference section */
		478D137026CE000A00D68F32 /* UI-288.app */ = {isa = PBXFileReference; explicitFileType = wrapper.application; includeInIndex = 0; path = "UI-288.app"; sourceTree = BUILT_PRODUCTS_DIR; };
		478D137326CE000A00D68F32 /* UI_288App.swift */ = {isa = PBXFileReference; lastKnownFileType = sourcecode.swift; path = UI_288App.swift; sourceTree = "<group>"; };
		478D137526CE000A00D68F32 /* ContentView.swift */ = {isa = PBXFileReference; lastKnownFileType = sourcecode.swift; path = ContentView.swift; sourceTree = "<group>"; };
		478D137726CE000B00D68F32 /* Assets.xcassets */ = {isa = PBXFileReference; lastKnownFileType = folder.assetcatalog; path = Assets.xcassets; sourceTree = "<group>"; };
		478D137A26CE000B00D68F32 /* Preview Assets.xcassets */ = {isa = PBXFileReference; lastKnownFileType = folder.assetcatalog; path = "Preview Assets.xcassets"; sourceTree = "<group>"; };
		478D138026CE000B00D68F32 /* UI-288Tests.xctest */ = {isa = PBXFileReference; explicitFileType = wrapper.cfbundle; includeInIndex = 0; path = "UI-288Tests.xctest"; sourceTree = BUILT_PRODUCTS_DIR; };
		478D138426CE000B00D68F32 /* UI_288Tests.swift */ = {isa = PBXFileReference; lastKnownFileType = sourcecode.swift; path = UI_288Tests.swift; sourceTree = "<group>"; };
		478D138A26CE000B00D68F32 /* UI-288UITests.xctest */ = {isa = PBXFileReference; explicitFileType = wrapper.cfbundle; includeInIndex = 0; path = "UI-288UITests.xctest"; sourceTree = BUILT_PRODUCTS_DIR; };
		478D138E26CE000B00D68F32 /* UI_288UITests.swift */ = {isa = PBXFileReference; lastKnownFileType = sourcecode.swift; path = UI_288UITests.swift; sourceTree = "<group>"; };
		478D139026CE000B00D68F32 /* UI_288UITestsLaunchTests.swift */ = {isa = PBXFileReference; lastKnownFileType = sourcecode.swift; path = UI_288UITestsLaunchTests.swift; sourceTree = "<group>"; };
		478D139E26CE001F00D68F32 /* Home.swift */ = {isa = PBXFileReference; lastKnownFileType = sourcecode.swift; path = Home.swift; sourceTree = "<group>"; };
		478D13A126CE004600D68F32 /* TextAnimation.swift */ = {isa = PBXFileReference; lastKnownFileType = sourcecode.swift; path = TextAnimation.swift; sourceTree = "<group>"; };
/* End PBXFileReference section */

/* Begin PBXFrameworksBuildPhase section */
		478D136D26CE000A00D68F32 /* Frameworks */ = {
			isa = PBXFrameworksBuildPhase;
			buildActionMask = 2147483647;
			files = (
			);
			runOnlyForDeploymentPostprocessing = 0;
		};
		478D137D26CE000B00D68F32 /* Frameworks */ = {
			isa = PBXFrameworksBuildPhase;
			buildActionMask = 2147483647;
			files = (
			);
			runOnlyForDeploymentPostprocessing = 0;
		};
		478D138726CE000B00D68F32 /* Frameworks */ = {
			isa = PBXFrameworksBuildPhase;
			buildActionMask = 2147483647;
			files = (
			);
			runOnlyForDeploymentPostprocessing = 0;
		};
/* End PBXFrameworksBuildPhase section */

/* Begin PBXGroup section */
		478D136726CE000A00D68F32 = {
			isa = PBXGroup;
			children = (
				478D137226CE000A00D68F32 /* UI-288 */,
				478D138326CE000B00D68F32 /* UI-288Tests */,
				478D138D26CE000B00D68F32 /* UI-288UITests */,
				478D137126CE000A00D68F32 /* Products */,
			);
			sourceTree = "<group>";
		};
		478D137126CE000A00D68F32 /* Products */ = {
			isa = PBXGroup;
			children = (
				478D137026CE000A00D68F32 /* UI-288.app */,
				478D138026CE000B00D68F32 /* UI-288Tests.xctest */,
				478D138A26CE000B00D68F32 /* UI-288UITests.xctest */,
			);
			name = Products;
			sourceTree = "<group>";
		};
		478D137226CE000A00D68F32 /* UI-288 */ = {
			isa = PBXGroup;
			children = (
				478D13A026CE002100D68F32 /* Model */,
				478D139D26CE001700D68F32 /* View */,
				478D137326CE000A00D68F32 /* UI_288App.swift */,
				478D137526CE000A00D68F32 /* ContentView.swift */,
				478D137726CE000B00D68F32 /* Assets.xcassets */,
				478D137926CE000B00D68F32 /* Preview Content */,
			);
			path = "UI-288";
			sourceTree = "<group>";
		};
		478D137926CE000B00D68F32 /* Preview Content */ = {
			isa = PBXGroup;
			children = (
				478D137A26CE000B00D68F32 /* Preview Assets.xcassets */,
			);
			path = "Preview Content";
			sourceTree = "<group>";
		};
		478D138326CE000B00D68F32 /* UI-288Tests */ = {
			isa = PBXGroup;
			children = (
				478D138426CE000B00D68F32 /* UI_288Tests.swift */,
			);
			path = "UI-288Tests";
			sourceTree = "<group>";
		};
		478D138D26CE000B00D68F32 /* UI-288UITests */ = {
			isa = PBXGroup;
			children = (
				478D138E26CE000B00D68F32 /* UI_288UITests.swift */,
				478D139026CE000B00D68F32 /* UI_288UITestsLaunchTests.swift */,
			);
			path = "UI-288UITests";
			sourceTree = "<group>";
		};
		478D139D26CE001700D68F32 /* View */ = {
			isa = PBXGroup;
			children = (
				478D139E26CE001F00D68F32 /* Home.swift */,
			);
			path = View;
			sourceTree = "<group>";
		};
		478D13A026CE002100D68F32 /* Model */ = {
			isa = PBXGroup;
			children = (
				478D13A126CE004600D68F32 /* TextAnimation.swift */,
			);
			path = Model;
			sourceTree = "<group>";
		};
/* End PBXGroup section */

/* Begin PBXNativeTarget section */
		478D136F26CE000A00D68F32 /* UI-288 */ = {
			isa = PBXNativeTarget;
			buildConfigurationList = 478D139426CE000B00D68F32 /* Build configuration list for PBXNativeTarget "UI-288" */;
			buildPhases = (
				478D136C26CE000A00D68F32 /* Sources */,
				478D136D26CE000A00D68F32 /* Frameworks */,
				478D136E26CE000A00D68F32 /* Resources */,
			);
			buildRules = (
			);
			dependencies = (
			);
			name = "UI-288";
			productName = "UI-288";
			productReference = 478D137026CE000A00D68F32 /* UI-288.app */;
			productType = "com.apple.product-type.application";
		};
		478D137F26CE000B00D68F32 /* UI-288Tests */ = {
			isa = PBXNativeTarget;
			buildConfigurationList = 478D139726CE000B00D68F32 /* Build configuration list for PBXNativeTarget "UI-288Tests" */;
			buildPhases = (
				478D137C26CE000B00D68F32 /* Sources */,
				478D137D26CE000B00D68F32 /* Frameworks */,
				478D137E26CE000B00D68F32 /* Resources */,
			);
			buildRules = (
			);
			dependencies = (
				478D138226CE000B00D68F32 /* PBXTargetDependency */,
			);
			name = "UI-288Tests";
			productName = "UI-288Tests";
			productReference = 478D138026CE000B00D68F32 /* UI-288Tests.xctest */;
			productType = "com.apple.product-type.bundle.unit-test";
		};
		478D138926CE000B00D68F32 /* UI-288UITests */ = {
			isa = PBXNativeTarget;
			buildConfigurationList = 478D139A26CE000B00D68F32 /* Build configuration list for PBXNativeTarget "UI-288UITests" */;
			buildPhases = (
				478D138626CE000B00D68F32 /* Sources */,
				478D138726CE000B00D68F32 /* Frameworks */,
				478D138826CE000B00D68F32 /* Resources */,
			);
			buildRules = (
			);
			dependencies = (
				478D138C26CE000B00D68F32 /* PBXTargetDependency */,
			);
			name = "UI-288UITests";
			productName = "UI-288UITests";
			productReference = 478D138A26CE000B00D68F32 /* UI-288UITests.xctest */;
			productType = "com.apple.product-type.bundle.ui-testing";
		};
/* End PBXNativeTarget section */

/* Begin PBXProject section */
		478D136826CE000A00D68F32 /* Project object */ = {
			isa = PBXProject;
			attributes = {
				BuildIndependentTargetsInParallel = 1;
				LastSwiftUpdateCheck = 1300;
				LastUpgradeCheck = 1300;
				TargetAttributes = {
					478D136F26CE000A00D68F32 = {
						CreatedOnToolsVersion = 13.0;
					};
					478D137F26CE000B00D68F32 = {
						CreatedOnToolsVersion = 13.0;
						TestTargetID = 478D136F26CE000A00D68F32;
					};
					478D138926CE000B00D68F32 = {
						CreatedOnToolsVersion = 13.0;
						TestTargetID = 478D136F26CE000A00D68F32;
					};
				};
			};
			buildConfigurationList = 478D136B26CE000A00D68F32 /* Build configuration list for PBXProject "UI-288" */;
			compatibilityVersion = "Xcode 13.0";
			developmentRegion = en;
			hasScannedForEncodings = 0;
			knownRegions = (
				en,
				Base,
			);
			mainGroup = 478D136726CE000A00D68F32;
			productRefGroup = 478D137126CE000A00D68F32 /* Products */;
			projectDirPath = "";
			projectRoot = "";
			targets = (
				478D136F26CE000A00D68F32 /* UI-288 */,
				478D137F26CE000B00D68F32 /* UI-288Tests */,
				478D138926CE000B00D68F32 /* UI-288UITests */,
			);
		};
/* End PBXProject section */

/* Begin PBXResourcesBuildPhase section */
		478D136E26CE000A00D68F32 /* Resources */ = {
			isa = PBXResourcesBuildPhase;
			buildActionMask = 2147483647;
			files = (
				478D137B26CE000B00D68F32 /* Preview Assets.xcassets in Resources */,
				478D137826CE000B00D68F32 /* Assets.xcassets in Resources */,
			);
			runOnlyForDeploymentPostprocessing = 0;
		};
		478D137E26CE000B00D68F32 /* Resources */ = {
			isa = PBXResourcesBuildPhase;
			buildActionMask = 2147483647;
			files = (
			);
			runOnlyForDeploymentPostprocessing = 0;
		};
		478D138826CE000B00D68F32 /* Resources */ = {
			isa = PBXResourcesBuildPhase;
			buildActionMask = 2147483647;
			files = (
			);
			runOnlyForDeploymentPostprocessing = 0;
		};
/* End PBXResourcesBuildPhase section */

/* Begin PBXSourcesBuildPhase section */
		478D136C26CE000A00D68F32 /* Sources */ = {
			isa = PBXSourcesBuildPhase;
			buildActionMask = 2147483647;
			files = (
				478D137626CE000A00D68F32 /* ContentView.swift in Sources */,
				478D139F26CE001F00D68F32 /* Home.swift in Sources */,
				478D137426CE000A00D68F32 /* UI_288App.swift in Sources */,
				478D13A226CE004600D68F32 /* TextAnimation.swift in Sources */,
			);
			runOnlyForDeploymentPostprocessing = 0;
		};
		478D137C26CE000B00D68F32 /* Sources */ = {
			isa = PBXSourcesBuildPhase;
			buildActionMask = 2147483647;
			files = (
				478D138526CE000B00D68F32 /* UI_288Tests.swift in Sources */,
			);
			runOnlyForDeploymentPostprocessing = 0;
		};
		478D138626CE000B00D68F32 /* Sources */ = {
			isa = PBXSourcesBuildPhase;
			buildActionMask = 2147483647;
			files = (
				478D138F26CE000B00D68F32 /* UI_288UITests.swift in Sources */,
				478D139126CE000B00D68F32 /* UI_288UITestsLaunchTests.swift in Sources */,
			);
			runOnlyForDeploymentPostprocessing = 0;
		};
/* End PBXSourcesBuildPhase section */

/* Begin PBXTargetDependency section */
		478D138226CE000B00D68F32 /* PBXTargetDependency */ = {
			isa = PBXTargetDependency;
			target = 478D136F26CE000A00D68F32 /* UI-288 */;
			targetProxy = 478D138126CE000B00D68F32 /* PBXContainerItemProxy */;
		};
		478D138C26CE000B00D68F32 /* PBXTargetDependency */ = {
			isa = PBXTargetDependency;
			target = 478D136F26CE000A00D68F32 /* UI-288 */;
			targetProxy = 478D138B26CE000B00D68F32 /* PBXContainerItemProxy */;
		};
/* End PBXTargetDependency section */

/* Begin XCBuildConfiguration section */
		478D139226CE000B00D68F32 /* Debug */ = {
			isa = XCBuildConfiguration;
			buildSettings = {
				ALWAYS_SEARCH_USER_PATHS = NO;
				CLANG_ANALYZER_NONNULL = YES;
				CLANG_ANALYZER_NUMBER_OBJECT_CONVERSION = YES_AGGRESSIVE;
				CLANG_CXX_LANGUAGE_STANDARD = "gnu++17";
				CLANG_CXX_LIBRARY = "libc++";
				CLANG_ENABLE_MODULES = YES;
				CLANG_ENABLE_OBJC_ARC = YES;
				CLANG_ENABLE_OBJC_WEAK = YES;
				CLANG_WARN_BLOCK_CAPTURE_AUTORELEASING = YES;
				CLANG_WARN_BOOL_CONVERSION = YES;
				CLANG_WARN_COMMA = YES;
				CLANG_WARN_CONSTANT_CONVERSION = YES;
				CLANG_WARN_DEPRECATED_OBJC_IMPLEMENTATIONS = YES;
				CLANG_WARN_DIRECT_OBJC_ISA_USAGE = YES_ERROR;
				CLANG_WARN_DOCUMENTATION_COMMENTS = YES;
				CLANG_WARN_EMPTY_BODY = YES;
				CLANG_WARN_ENUM_CONVERSION = YES;
				CLANG_WARN_INFINITE_RECURSION = YES;
				CLANG_WARN_INT_CONVERSION = YES;
				CLANG_WARN_NON_LITERAL_NULL_CONVERSION = YES;
				CLANG_WARN_OBJC_IMPLICIT_RETAIN_SELF = YES;
				CLANG_WARN_OBJC_LITERAL_CONVERSION = YES;
				CLANG_WARN_OBJC_ROOT_CLASS = YES_ERROR;
				CLANG_WARN_QUOTED_INCLUDE_IN_FRAMEWORK_HEADER = YES;
				CLANG_WARN_RANGE_LOOP_ANALYSIS = YES;
				CLANG_WARN_STRICT_PROTOTYPES = YES;
				CLANG_WARN_SUSPICIOUS_MOVE = YES;
				CLANG_WARN_UNGUARDED_AVAILABILITY = YES_AGGRESSIVE;
				CLANG_WARN_UNREACHABLE_CODE = YES;
				CLANG_WARN__DUPLICATE_METHOD_MATCH = YES;
				COPY_PHASE_STRIP = NO;
				DEBUG_INFORMATION_FORMAT = dwarf;
				ENABLE_STRICT_OBJC_MSGSEND = YES;
				ENABLE_TESTABILITY = YES;
				GCC_C_LANGUAGE_STANDARD = gnu11;
				GCC_DYNAMIC_NO_PIC = NO;
				GCC_NO_COMMON_BLOCKS = YES;
				GCC_OPTIMIZATION_LEVEL = 0;
				GCC_PREPROCESSOR_DEFINITIONS = (
					"DEBUG=1",
					"$(inherited)",
				);
				GCC_WARN_64_TO_32_BIT_CONVERSION = YES;
				GCC_WARN_ABOUT_RETURN_TYPE = YES_ERROR;
				GCC_WARN_UNDECLARED_SELECTOR = YES;
				GCC_WARN_UNINITIALIZED_AUTOS = YES_AGGRESSIVE;
				GCC_WARN_UNUSED_FUNCTION = YES;
				GCC_WARN_UNUSED_VARIABLE = YES;
				IPHONEOS_DEPLOYMENT_TARGET = 15.0;
				MTL_ENABLE_DEBUG_INFO = INCLUDE_SOURCE;
				MTL_FAST_MATH = YES;
				ONLY_ACTIVE_ARCH = YES;
				SDKROOT = iphoneos;
				SWIFT_ACTIVE_COMPILATION_CONDITIONS = DEBUG;
				SWIFT_OPTIMIZATION_LEVEL = "-Onone";
			};
			name = Debug;
		};
		478D139326CE000B00D68F32 /* Release */ = {
			isa = XCBuildConfiguration;
			buildSettings = {
				ALWAYS_SEARCH_USER_PATHS = NO;
				CLANG_ANALYZER_NONNULL = YES;
				CLANG_ANALYZER_NUMBER_OBJECT_CONVERSION = YES_AGGRESSIVE;
				CLANG_CXX_LANGUAGE_STANDARD = "gnu++17";
				CLANG_CXX_LIBRARY = "libc++";
				CLANG_ENABLE_MODULES = YES;
				CLANG_ENABLE_OBJC_ARC = YES;
				CLANG_ENABLE_OBJC_WEAK = YES;
				CLANG_WARN_BLOCK_CAPTURE_AUTORELEASING = YES;
				CLANG_WARN_BOOL_CONVERSION = YES;
				CLANG_WARN_COMMA = YES;
				CLANG_WARN_CONSTANT_CONVERSION = YES;
				CLANG_WARN_DEPRECATED_OBJC_IMPLEMENTATIONS = YES;
				CLANG_WARN_DIRECT_OBJC_ISA_USAGE = YES_ERROR;
				CLANG_WARN_DOCUMENTATION_COMMENTS = YES;
				CLANG_WARN_EMPTY_BODY = YES;
				CLANG_WARN_ENUM_CONVERSION = YES;
				CLANG_WARN_INFINITE_RECURSION = YES;
				CLANG_WARN_INT_CONVERSION = YES;
				CLANG_WARN_NON_LITERAL_NULL_CONVERSION = YES;
				CLANG_WARN_OBJC_IMPLICIT_RETAIN_SELF = YES;
				CLANG_WARN_OBJC_LITERAL_CONVERSION = YES;
				CLANG_WARN_OBJC_ROOT_CLASS = YES_ERROR;
				CLANG_WARN_QUOTED_INCLUDE_IN_FRAMEWORK_HEADER = YES;
				CLANG_WARN_RANGE_LOOP_ANALYSIS = YES;
				CLANG_WARN_STRICT_PROTOTYPES = YES;
				CLANG_WARN_SUSPICIOUS_MOVE = YES;
				CLANG_WARN_UNGUARDED_AVAILABILITY = YES_AGGRESSIVE;
				CLANG_WARN_UNREACHABLE_CODE = YES;
				CLANG_WARN__DUPLICATE_METHOD_MATCH = YES;
				COPY_PHASE_STRIP = NO;
				DEBUG_INFORMATION_FORMAT = "dwarf-with-dsym";
				ENABLE_NS_ASSERTIONS = NO;
				ENABLE_STRICT_OBJC_MSGSEND = YES;
				GCC_C_LANGUAGE_STANDARD = gnu11;
				GCC_NO_COMMON_BLOCKS = YES;
				GCC_WARN_64_TO_32_BIT_CONVERSION = YES;
				GCC_WARN_ABOUT_RETURN_TYPE = YES_ERROR;
				GCC_WARN_UNDECLARED_SELECTOR = YES;
				GCC_WARN_UNINITIALIZED_AUTOS = YES_AGGRESSIVE;
				GCC_WARN_UNUSED_FUNCTION = YES;
				GCC_WARN_UNUSED_VARIABLE = YES;
				IPHONEOS_DEPLOYMENT_TARGET = 15.0;
				MTL_ENABLE_DEBUG_INFO = NO;
				MTL_FAST_MATH = YES;
				SDKROOT = iphoneos;
				SWIFT_COMPILATION_MODE = wholemodule;
				SWIFT_OPTIMIZATION_LEVEL = "-O";
				VALIDATE_PRODUCT = YES;
			};
			name = Release;
		};
		478D139526CE000B00D68F32 /* Debug */ = {
			isa = XCBuildConfiguration;
			buildSettings = {
				ASSETCATALOG_COMPILER_APPICON_NAME = AppIcon;
				ASSETCATALOG_COMPILER_GLOBAL_ACCENT_COLOR_NAME = AccentColor;
				CODE_SIGN_STYLE = Automatic;
				CURRENT_PROJECT_VERSION = 1;
				DEVELOPMENT_ASSET_PATHS = "\"UI-288/Preview Content\"";
				DEVELOPMENT_TEAM = 8CL4U468K5;
				ENABLE_PREVIEWS = YES;
				GENERATE_INFOPLIST_FILE = YES;
				INFOPLIST_KEY_UIApplicationSceneManifest_Generation = YES;
				INFOPLIST_KEY_UIApplicationSupportsIndirectInputEvents = YES;
				INFOPLIST_KEY_UILaunchScreen_Generation = YES;
				INFOPLIST_KEY_UISupportedInterfaceOrientations_iPad = "UIInterfaceOrientationPortrait UIInterfaceOrientationPortraitUpsideDown UIInterfaceOrientationLandscapeLeft UIInterfaceOrientationLandscapeRight";
				INFOPLIST_KEY_UISupportedInterfaceOrientations_iPhone = "UIInterfaceOrientationPortrait UIInterfaceOrientationLandscapeLeft UIInterfaceOrientationLandscapeRight";
				IPHONEOS_DEPLOYMENT_TARGET = 15.0;
				LD_RUNPATH_SEARCH_PATHS = (
					"$(inherited)",
					"@executable_path/Frameworks",
				);
				MARKETING_VERSION = 1.0;
				PRODUCT_BUNDLE_IDENTIFIER = "com.587.UI-288";
				PRODUCT_NAME = "$(TARGET_NAME)";
				SWIFT_EMIT_LOC_STRINGS = YES;
				SWIFT_VERSION = 5.0;
				TARGETED_DEVICE_FAMILY = "1,2";
			};
			name = Debug;
		};
		478D139626CE000B00D68F32 /* Release */ = {
			isa = XCBuildConfiguration;
			buildSettings = {
				ASSETCATALOG_COMPILER_APPICON_NAME = AppIcon;
				ASSETCATALOG_COMPILER_GLOBAL_ACCENT_COLOR_NAME = AccentColor;
				CODE_SIGN_STYLE = Automatic;
				CURRENT_PROJECT_VERSION = 1;
				DEVELOPMENT_ASSET_PATHS = "\"UI-288/Preview Content\"";
				DEVELOPMENT_TEAM = 8CL4U468K5;
				ENABLE_PREVIEWS = YES;
				GENERATE_INFOPLIST_FILE = YES;
				INFOPLIST_KEY_UIApplicationSceneManifest_Generation = YES;
				INFOPLIST_KEY_UIApplicationSupportsIndirectInputEvents = YES;
				INFOPLIST_KEY_UILaunchScreen_Generation = YES;
				INFOPLIST_KEY_UISupportedInterfaceOrientations_iPad = "UIInterfaceOrientationPortrait UIInterfaceOrientationPortraitUpsideDown UIInterfaceOrientationLandscapeLeft UIInterfaceOrientationLandscapeRight";
				INFOPLIST_KEY_UISupportedInterfaceOrientations_iPhone = "UIInterfaceOrientationPortrait UIInterfaceOrientationLandscapeLeft UIInterfaceOrientationLandscapeRight";
				IPHONEOS_DEPLOYMENT_TARGET = 15.0;
				LD_RUNPATH_SEARCH_PATHS = (
					"$(inherited)",
					"@executable_path/Frameworks",
				);
				MARKETING_VERSION = 1.0;
				PRODUCT_BUNDLE_IDENTIFIER = "com.587.UI-288";
				PRODUCT_NAME = "$(TARGET_NAME)";
				SWIFT_EMIT_LOC_STRINGS = YES;
				SWIFT_VERSION = 5.0;
				TARGETED_DEVICE_FAMILY = "1,2";
			};
			name = Release;
		};
		478D139826CE000B00D68F32 /* Debug */ = {
			isa = XCBuildConfiguration;
			buildSettings = {
				ALWAYS_EMBED_SWIFT_STANDARD_LIBRARIES = YES;
				BUNDLE_LOADER = "$(TEST_HOST)";
				CODE_SIGN_STYLE = Automatic;
				CURRENT_PROJECT_VERSION = 1;
				DEVELOPMENT_TEAM = 8CL4U468K5;
				GENERATE_INFOPLIST_FILE = YES;
				IPHONEOS_DEPLOYMENT_TARGET = 15.0;
				LD_RUNPATH_SEARCH_PATHS = (
					"$(inherited)",
					"@executable_path/Frameworks",
					"@loader_path/Frameworks",
				);
				MARKETING_VERSION = 1.0;
				PRODUCT_BUNDLE_IDENTIFIER = "com.587.UI-288Tests";
				PRODUCT_NAME = "$(TARGET_NAME)";
				SWIFT_EMIT_LOC_STRINGS = NO;
				SWIFT_VERSION = 5.0;
				TARGETED_DEVICE_FAMILY = "1,2";
				TEST_HOST = "$(BUILT_PRODUCTS_DIR)/UI-288.app/UI-288";
			};
			name = Debug;
		};
		478D139926CE000B00D68F32 /* Release */ = {
			isa = XCBuildConfiguration;
			buildSettings = {
				ALWAYS_EMBED_SWIFT_STANDARD_LIBRARIES = YES;
				BUNDLE_LOADER = "$(TEST_HOST)";
				CODE_SIGN_STYLE = Automatic;
				CURRENT_PROJECT_VERSION = 1;
				DEVELOPMENT_TEAM = 8CL4U468K5;
				GENERATE_INFOPLIST_FILE = YES;
				IPHONEOS_DEPLOYMENT_TARGET = 15.0;
				LD_RUNPATH_SEARCH_PATHS = (
					"$(inherited)",
					"@executable_path/Frameworks",
					"@loader_path/Frameworks",
				);
				MARKETING_VERSION = 1.0;
				PRODUCT_BUNDLE_IDENTIFIER = "com.587.UI-288Tests";
				PRODUCT_NAME = "$(TARGET_NAME)";
				SWIFT_EMIT_LOC_STRINGS = NO;
				SWIFT_VERSION = 5.0;
				TARGETED_DEVICE_FAMILY = "1,2";
				TEST_HOST = "$(BUILT_PRODUCTS_DIR)/UI-288.app/UI-288";
			};
			name = Release;
		};
		478D139B26CE000B00D68F32 /* Debug */ = {
			isa = XCBuildConfiguration;
			buildSettings = {
				ALWAYS_EMBED_SWIFT_STANDARD_LIBRARIES = YES;
				CODE_SIGN_STYLE = Automatic;
				CURRENT_PROJECT_VERSION = 1;
				DEVELOPMENT_TEAM = 8CL4U468K5;
				GENERATE_INFOPLIST_FILE = YES;
				LD_RUNPATH_SEARCH_PATHS = (
					"$(inherited)",
					"@executable_path/Frameworks",
					"@loader_path/Frameworks",
				);
				MARKETING_VERSION = 1.0;
				PRODUCT_BUNDLE_IDENTIFIER = "com.587.UI-288UITests";
				PRODUCT_NAME = "$(TARGET_NAME)";
				SWIFT_EMIT_LOC_STRINGS = NO;
				SWIFT_VERSION = 5.0;
				TARGETED_DEVICE_FAMILY = "1,2";
				TEST_TARGET_NAME = "UI-288";
			};
			name = Debug;
		};
		478D139C26CE000B00D68F32 /* Release */ = {
			isa = XCBuildConfiguration;
			buildSettings = {
				ALWAYS_EMBED_SWIFT_STANDARD_LIBRARIES = YES;
				CODE_SIGN_STYLE = Automatic;
				CURRENT_PROJECT_VERSION = 1;
				DEVELOPMENT_TEAM = 8CL4U468K5;
				GENERATE_INFOPLIST_FILE = YES;
				LD_RUNPATH_SEARCH_PATHS = (
					"$(inherited)",
					"@executable_path/Frameworks",
					"@loader_path/Frameworks",
				);
				MARKETING_VERSION = 1.0;
				PRODUCT_BUNDLE_IDENTIFIER = "com.587.UI-288UITests";
				PRODUCT_NAME = "$(TARGET_NAME)";
				SWIFT_EMIT_LOC_STRINGS = NO;
				SWIFT_VERSION = 5.0;
				TARGETED_DEVICE_FAMILY = "1,2";
				TEST_TARGET_NAME = "UI-288";
			};
			name = Release;
		};
/* End XCBuildConfiguration section */

/* Begin XCConfigurationList section */
		478D136B26CE000A00D68F32 /* Build configuration list for PBXProject "UI-288" */ = {
			isa = XCConfigurationList;
			buildConfigurations = (
				478D139226CE000B00D68F32 /* Debug */,
				478D139326CE000B00D68F32 /* Release */,
			);
			defaultConfigurationIsVisible = 0;
			defaultConfigurationName = Release;
		};
		478D139426CE000B00D68F32 /* Build configuration list for PBXNativeTarget "UI-288" */ = {
			isa = XCConfigurationList;
			buildConfigurations = (
				478D139526CE000B00D68F32 /* Debug */,
				478D139626CE000B00D68F32 /* Release */,
			);
			defaultConfigurationIsVisible = 0;
			defaultConfigurationName = Release;
		};
		478D139726CE000B00D68F32 /* Build configuration list for PBXNativeTarget "UI-288Tests" */ = {
			isa = XCConfigurationList;
			buildConfigurations = (
				478D139826CE000B00D68F32 /* Debug */,
				478D139926CE000B00D68F32 /* Release */,
			);
			defaultConfigurationIsVisible = 0;
			defaultConfigurationName = Release;
		};
		478D139A26CE000B00D68F32 /* Build configuration list for PBXNativeTarget "UI-288UITests" */ = {
			isa = XCConfigurationList;
			buildConfigurations = (
				478D139B26CE000B00D68F32 /* Debug */,
				478D139C26CE000B00D68F32 /* Release */,
			);
			defaultConfigurationIsVisible = 0;
			defaultConfigurationName = Release;
		};
/* End XCConfigurationList section */
	};
	rootObject = 478D136826CE000A00D68F32 /* Project object */;
}
